
Microsoft Visual Studio Solution File, Format Version 12.00
# Visual Studio Version 16
VisualStudioVersion = 25.0.1706.14
MinimumVisualStudioVersion = 10.0.40219.1
Project("{FAE04EC0-301F-11D3-BF4B-00C04F79EFBC}") = "StudentPortal.Web", "StudentPortal.Web\StudentPortal.Web.csproj", "{1B651D9D-6610-4D22-B94B-5A41C543EFE1}"
EndProject
Global
	GlobalSection(SolutionConfigurationPlatforms) = preSolution
		Debug|Any CPU = Debug|Any CPU
		Release|Any CPU = Release|Any CPU
	EndGlobalSection
	GlobalSection(ProjectConfigurationPlatforms) = postSolution
		{1B651D9D-6610-4D22-B94B-5A41C543EFE1}.Debug|Any CPU.ActiveCfg = Debug|Any CPU
		{1B651D9D-6610-4D22-B94B-5A41C543EFE1}.Debug|Any CPU.Build.0 = Debug|Any CPU
		{1B651D9D-6610-4D22-B94B-5A41C543EFE1}.Release|Any CPU.ActiveCfg = Release|Any CPU
		{1B651D9D-6610-4D22-B94B-5A41C543EFE1}.Release|Any CPU.Build.0 = Release|Any CPU
	EndGlobalSection
	GlobalSection(SolutionProperties) = preSolution
		HideSolutionNode = FALSE
	EndGlobalSection
	GlobalSection(ExtensibilityGlobals) = postSolution
		SolutionGuid = {BCAB8E4C-0B99-4DC1-A7F1-B1B48E7FCFE2}
	EndGlobalSection
EndGlobal
